
Microsoft Visual Studio Solution File, Format Version 12.00
# Visual Studio 15
VisualStudioVersion = 15.0.28307.106
MinimumVisualStudioVersion = 10.0.40219.1
Project("{FAE04EC0-301F-11D3-BF4B-00C04F79EFBC}") = "antis", "antis\antis.csproj", "{BA01D9F2-5DC6-4C37-A822-6BD864D3BF15}"
EndProject
Global
	GlobalSection(SolutionConfigurationPlatforms) = preSolution
		Debug|Any CPU = Debug|Any CPU
		Release|Any CPU = Release|Any CPU
	EndGlobalSection
	GlobalSection(ProjectConfigurationPlatforms) = postSolution
		{BA01D9F2-5DC6-4C37-A822-6BD864D3BF15}.Debug|Any CPU.ActiveCfg = Debug|Any CPU
		{BA01D9F2-5DC6-4C37-A822-6BD864D3BF15}.Debug|Any CPU.Build.0 = Debug|Any CPU
		{BA01D9F2-5DC6-4C37-A822-6BD864D3BF15}.Release|Any CPU.ActiveCfg = Release|Any CPU
		{BA01D9F2-5DC6-4C37-A822-6BD864D3BF15}.Release|Any CPU.Build.0 = Release|Any CPU
	EndGlobalSection
	GlobalSection(SolutionProperties) = preSolution
		HideSolutionNode = FALSE
	EndGlobalSection
	GlobalSection(ExtensibilityGlobals) = postSolution
		SolutionGuid = {975FAFDF-C2DC-4D36-8BE5-7F61B3D1F3D8}
	EndGlobalSection
EndGlobal
